
Microsoft Visual Studio Solution File, Format Version 12.00
# Visual Studio Version 17
VisualStudioVersion = 17.4.33213.308
MinimumVisualStudioVersion = 10.0.40219.1
Project("{9A19103F-16F7-4668-BE54-9A1E7A4F7556}") = "bsMOTS", "bsMOTS.csproj", "{0EE456CA-2DF4-4E5A-AC85-9A28A0CA3786}"
EndProject
Global
	GlobalSection(SolutionConfigurationPlatforms) = preSolution
		Debug|Any CPU = Debug|Any CPU
		Release|Any CPU = Release|Any CPU
	EndGlobalSection
	GlobalSection(ProjectConfigurationPlatforms) = postSolution
		{0EE456CA-2DF4-4E5A-AC85-9A28A0CA3786}.Debug|Any CPU.ActiveCfg = Debug|Any CPU
		{0EE456CA-2DF4-4E5A-AC85-9A28A0CA3786}.Debug|Any CPU.Build.0 = Debug|Any CPU
		{0EE456CA-2DF4-4E5A-AC85-9A28A0CA3786}.Release|Any CPU.ActiveCfg = Release|Any CPU
		{0EE456CA-2DF4-4E5A-AC85-9A28A0CA3786}.Release|Any CPU.Build.0 = Release|Any CPU
	EndGlobalSection
	GlobalSection(SolutionProperties) = preSolution
		HideSolutionNode = FALSE
	EndGlobalSection
	GlobalSection(ExtensibilityGlobals) = postSolution
		SolutionGuid = {31F93E6C-49B8-48EC-A207-AB44E2155F6D}
	EndGlobalSection
EndGlobal
